github.com/NekruziKabirzoda/bank v1.0.0 h1:6kwy2vS4vuwLgjmES+QrjPbrMnG0fK8KXOdz76nk3jQ=
github.com/NekruziKabirzoda/bank v1.0.0/go.mod h1:RcNKaKmOpQh4vHriOXoBrqSuLj9mAhNFgKLfXpuKXCc=
github.com/NekruziKabirzoda/bank/v2 v2.0.0 h1:QcXhhqSvX3rjtoNXOdhAt+CYFERQM9L8d/gaFSWlS9Y=
github.com/NekruziKabirzoda/bank/v2 v2.0.0/go.mod h1:0QYMP+sH/yMqP76/WkBzhlYXn1kSocpY/F/qUftBIT8=
